<?xml version="1.0" encoding="utf-8"?>
<Project ToolsVersion="4.0" xmlns="http://schemas.microsoft.com/developer/msbuild/2003">
  <ItemGroup>
    <Filter Include="Source Files">
      <UniqueIdentifier>{4FC737F1-C7A5-4376-A066-2A32D752A2FF}</UniqueIdentifier>
      <Extensions>cpp;c;cc;cxx;def;odl;idl;hpj;bat;asm;asmx</Extensions>
    </Filter>
    <Filter Include="Header Files">
      <UniqueIdentifier>{93995380-89BD-4b04-88EB-625FBE52EBFB}</UniqueIdentifier>
      <Extensions>h;hh;hpp;hxx;hm;inl;inc;ipp;xsd</Extensions>
    </Filter>
    <Filter Include="Resource Files">
      <UniqueIdentifier>{67DA6AB6-F800-4c08-8B7A-83BB121AAD01}</UniqueIdentifier>
      <Extensions>rc;ico;cur;bmp;dlg;rc2;rct;bin;rgs;gif;jpg;jpeg;jpe;resx;tiff;tif;png;wav;mfcribbon-ms</Extensions>
    </Filter>
    <Filter Include="Day01">
      <UniqueIdentifier>{bdfe9bfe-acbd-4e3b-a25c-04518224e83c}</UniqueIdentifier>
    </Filter>
    <Filter Include="Day02">
      <UniqueIdentifier>{03c924cf-05ab-49b0-ac7a-140740047a04}</UniqueIdentifier>
    </Filter>
    <Filter Include="Day03">
      <UniqueIdentifier>{b4d16aab-7470-41ee-8fd8-9ed7148b0525}</UniqueIdentifier>
    </Filter>
    <Filter Include="Day04">
      <UniqueIdentifier>{85cd38db-5a78-4267-b87d-131541224a5e}</UniqueIdentifier>
    </Filter>
    <Filter Include="Day05">
      <UniqueIdentifier>{be7fb0d3-f932-40a3-bdfa-a2755e4d9d67}</UniqueIdentifier>
    </Filter>
    <Filter Include="Day06">
      <UniqueIdentifier>{85e0c692-7e05-4a4f-b373-1de27527eb08}</UniqueIdentifier>
    </Filter>
    <Filter Include="Day07">
      <UniqueIdentifier>{c064c008-c429-4332-b147-9018aeb49420}</UniqueIdentifier>
    </Filter>
    <Filter Include="Day08">
      <UniqueIdentifier>{cd89ca05-0e82-4aec-95af-b49d1b8e1210}</UniqueIdentifier>
    </Filter>
    <Filter Include="Day09">
      <UniqueIdentifier>{fd7fa2a9-ae2c-48d2-8054-0377a2c3baec}</UniqueIdentifier>
    </Filter>
    <Filter Include="Day11">
      <UniqueIdentifier>{06a36286-61ef-4361-9d73-79e88c19166f}</UniqueIdentifier>
    </Filter>
    <Filter Include="Day12">
      <UniqueIdentifier>{c32c5d62-f131-4262-9d94-4b93f9b16398}</UniqueIdentifier>
    </Filter>
    <Filter Include="Day13">
      <UniqueIdentifier>{5843f7ed-e7dc-4747-81f3-1c0f31696b5a}</UniqueIdentifier>
    </Filter>
    <Filter Include="Day14">
      <UniqueIdentifier>{999a3b0c-41e9-42cd-99c6-ea14efa1d843}</UniqueIdentifier>
    </Filter>
    <Filter Include="Day15">
      <UniqueIdentifier>{b0a4f66b-e2d3-4aee-8102-459b0831af84}</UniqueIdentifier>
    </Filter>
  </ItemGroup>
  <ItemGroup>
    <ClInclude Include="stdafx.h">
      <Filter>Header Files</Filter>
    </ClInclude>
    <ClInclude Include="targetver.h">
      <Filter>Header Files</Filter>
    </ClInclude>
    <ClInclude Include="AdventOfCode2018Lib.h">
      <Filter>Header Files</Filter>
    </ClInclude>
    <ClInclude Include="Day01\Day01.h">
      <Filter>Day01</Filter>
    </ClInclude>
    <ClInclude Include="Day02\Day02.h">
      <Filter>Day02</Filter>
    </ClInclude>
    <ClInclude Include="Day03\Day03.h">
      <Filter>Day03</Filter>
    </ClInclude>
    <ClInclude Include="Day03\FabricClaim.h">
      <Filter>Day03</Filter>
    </ClInclude>
    <ClInclude Include="Day04\Day04.h">
      <Filter>Day04</Filter>
    </ClInclude>
    <ClInclude Include="Day05\Day05.h">
      <Filter>Day05</Filter>
    </ClInclude>
    <ClInclude Include="Day06\Day06.h">
      <Filter>Day06</Filter>
    </ClInclude>
    <ClInclude Include="Day07\Day07.h">
      <Filter>Day07</Filter>
    </ClInclude>
    <ClInclude Include="Day07\Node.h">
      <Filter>Day07</Filter>
    </ClInclude>
    <ClInclude Include="Day08\Day08.h">
      <Filter>Day08</Filter>
    </ClInclude>
    <ClInclude Include="Day09\Day09.h">
      <Filter>Day09</Filter>
    </ClInclude>
    <ClInclude Include="Day11\Day11.h">
      <Filter>Day11</Filter>
    </ClInclude>
    <ClInclude Include="Day12\Day12.h">
      <Filter>Day12</Filter>
    </ClInclude>
    <ClInclude Include="Day13\Day13.h">
      <Filter>Day13</Filter>
    </ClInclude>
    <ClInclude Include="Day14\Day14.h">
      <Filter>Day14</Filter>
    </ClInclude>
    <ClInclude Include="Day15\Day15.h">
      <Filter>Day15</Filter>
    </ClInclude>
  </ItemGroup>
  <ItemGroup>
    <ClCompile Include="stdafx.cpp">
      <Filter>Source Files</Filter>
    </ClCompile>
    <ClCompile Include="AdventOfCode2018Lib.cpp">
      <Filter>Source Files</Filter>
    </ClCompile>
    <ClCompile Include="dllmain.cpp">
      <Filter>Source Files</Filter>
    </ClCompile>
    <ClCompile Include="Day01\Day01.cpp">
      <Filter>Day01</Filter>
    </ClCompile>
    <ClCompile Include="Day02\Day02.cpp">
      <Filter>Day02</Filter>
    </ClCompile>
    <ClCompile Include="Day03\Day03.cpp">
      <Filter>Day03</Filter>
    </ClCompile>
    <ClCompile Include="Day03\FabricClaim.cpp">
      <Filter>Day03</Filter>
    </ClCompile>
    <ClCompile Include="Day04\Day04.cpp">
      <Filter>Day04</Filter>
    </ClCompile>
    <ClCompile Include="Day05\Day05.cpp">
      <Filter>Day05</Filter>
    </ClCompile>
    <ClCompile Include="Day06\Day06.cpp">
      <Filter>Day06</Filter>
    </ClCompile>
    <ClCompile Include="Day07\Day07.cpp">
      <Filter>Day07</Filter>
    </ClCompile>
    <ClCompile Include="Day07\Node.cpp">
      <Filter>Day07</Filter>
    </ClCompile>
    <ClCompile Include="Day08\Day08.cpp">
      <Filter>Day08</Filter>
    </ClCompile>
    <ClCompile Include="Day09\Day09.cpp">
      <Filter>Day09</Filter>
    </ClCompile>
    <ClCompile Include="Day11\Day11.cpp">
      <Filter>Day11</Filter>
    </ClCompile>
    <ClCompile Include="Day12\Day12.cpp">
      <Filter>Day12</Filter>
    </ClCompile>
    <ClCompile Include="Day13\Day13.cpp">
      <Filter>Day13</Filter>
    </ClCompile>
    <ClCompile Include="Day14\Day14.cpp">
      <Filter>Day14</Filter>
    </ClCompile>
    <ClCompile Include="Day15\Day15.cpp">
      <Filter>Day15</Filter>
    </ClCompile>
  </ItemGroup>
</Project>